{
    "_meta": {
        "hash": {
            "sha256": "db3bf80a121602abb929bee123361461aeadc598adfed410e180bd28845da087"
        },
        "pipfile-spec": 6,
        "requires": {
            "python_version": "3.10"
        },
        "sources": [
            {
                "name": "pypi",
                "url": "https://pypi.org/simple",
                "verify_ssl": true
            }
        ]
    },
    "default": {
        "asgiref": {
            "hashes": [
                "sha256:1d2880b792ae8757289136f1db2b7b99100ce959b2aa57fd69dab783d05afac4",
                "sha256:4a29362a6acebe09bf1d6640db38c1dc3d9217c68e6f9f6204d72667fc19a424"
            ],
            "markers": "python_version >= '3.7'",
            "version": "==3.5.2"
        },
        "dj-database-url": {
            "hashes": [
                "sha256:ccf3e8718f75ddd147a1e212fca88eecdaa721759ee48e38b485481c77bca3dc",
                "sha256:cd354a3b7a9136d78d64c17b2aec369e2ae5616fbca6bfbe435ef15bb372ce39"
            ],
            "index": "pypi",
            "version": "==1.0.0"
        },
        "django": {
            "hashes": [
                "sha256:0b223bfa55511f950ff741983d408d78d772351284c75e9f77d2b830b6b4d148",
                "sha256:d38a4e108d2386cb9637da66a82dc8d0733caede4c83c4afdbda78af4214211b"
            ],
            "index": "pypi",
            "version": "==4.1.4"
        },
        "django-environ": {
            "hashes": [
                "sha256:bff5381533056328c9ac02f71790bd5bf1cea81b1beeb648f28b81c9e83e0a21",
                "sha256:f21a5ef8cc603da1870bbf9a09b7e5577ab5f6da451b843dbcc721a7bca6b3d9"
            ],
            "index": "pypi",
            "version": "==0.9.0"
        },
        "sqlparse": {
            "hashes": [
                "sha256:0323c0ec29cd52bceabc1b4d9d579e311f3e4961b98d174201d5622a23b85e34",
                "sha256:69ca804846bb114d2ec380e4360a8a340db83f0ccf3afceeb1404df028f57268"
            ],
            "markers": "python_version >= '3.5'",
            "version": "==0.4.3"
        }
    },
    "develop": {}
}
